// !$*UTF8*$!
{
	archiveVersion = 1;
	classes = {
	};
	objectVersion = 77;
	objects = {

/* Begin PBXBuildFile section */
		072E94D02E19373B0051F9AB /* asciiroid_belt.cpp in Sources */ = {isa = PBXBuildFile; fileRef = 072E94CB2E19373A0051F9AB /* asciiroid_belt.cpp */; };
		0799EFEA2E78712100BAE112 /* AudioToolbox.framework in Frameworks */ = {isa = PBXBuildFile; fileRef = 0799EFE82E7867D800BAE112 /* AudioToolbox.framework */; };
		0799EFEB2E78712900BAE112 /* CoreAudio.framework in Frameworks */ = {isa = PBXBuildFile; fileRef = 0799EFE62E7865FF00BAE112 /* CoreAudio.framework */; };
		0799EFED2E78713400BAE112 /* CoreFoundation.framework in Frameworks */ = {isa = PBXBuildFile; fileRef = 0799EFEC2E78713400BAE112 /* CoreFoundation.framework */; };
/* End PBXBuildFile section */

/* Begin PBXCopyFilesBuildPhase section */
		072E943D2E18CCD00051F9AB /* CopyFiles */ = {
			isa = PBXCopyFilesBuildPhase;
			buildActionMask = 2147483647;
			dstPath = /usr/share/man/man1/;
			dstSubfolderSpec = 0;
			files = (
			);
			runOnlyForDeploymentPostprocessing = 1;
		};
/* End PBXCopyFilesBuildPhase section */

/* Begin PBXFileReference section */
		072E943F2E18CCD00051F9AB /* Asciiroid_Belt */ = {isa = PBXFileReference; explicitFileType = "compiled.mach-o.executable"; includeInIndex = 0; path = Asciiroid_Belt; sourceTree = BUILT_PRODUCTS_DIR; };
		072E94522E18DAC30051F9AB /* OpenAL.framework */ = {isa = PBXFileReference; lastKnownFileType = wrapper.framework; name = OpenAL.framework; path = System/Library/Frameworks/OpenAL.framework; sourceTree = SDKROOT; };
		072E94542E18DC4A0051F9AB /* README.md */ = {isa = PBXFileReference; lastKnownFileType = net.daringfireball.markdown; path = README.md; sourceTree = "<group>"; };
		072E946A2E1911010051F9AB /* LICENSE */ = {isa = PBXFileReference; lastKnownFileType = text; path = LICENSE; sourceTree = "<group>"; };
		072E947F2E1914B70051F9AB /* fetch-dependencies.py */ = {isa = PBXFileReference; lastKnownFileType = text.script.python; name = "fetch-dependencies.py"; path = "../fetch-dependencies.py"; sourceTree = "<group>"; };
		072E948C2E1917B10051F9AB /* dependencies */ = {isa = PBXFileReference; lastKnownFileType = text; name = dependencies; path = ../dependencies; sourceTree = "<group>"; };
		072E94932E191D790051F9AB /* build-macos.yml */ = {isa = PBXFileReference; lastKnownFileType = text.yaml; name = "build-macos.yml"; path = "../.github/workflows/build-macos.yml"; sourceTree = "<group>"; };
		072E94942E191D790051F9AB /* build-ubuntu.yml */ = {isa = PBXFileReference; lastKnownFileType = text.yaml; name = "build-ubuntu.yml"; path = "../.github/workflows/build-ubuntu.yml"; sourceTree = "<group>"; };
		072E94952E191D790051F9AB /* build-windows.yml */ = {isa = PBXFileReference; lastKnownFileType = text.yaml; name = "build-windows.yml"; path = "../.github/workflows/build-windows.yml"; sourceTree = "<group>"; };
		072E94A02E19298D0051F9AB /* build.bat */ = {isa = PBXFileReference; lastKnownFileType = text; path = build.bat; sourceTree = "<group>"; };
		072E94A12E19298D0051F9AB /* build.sh */ = {isa = PBXFileReference; lastKnownFileType = text.script.sh; path = build.sh; sourceTree = "<group>"; };
		072E94A22E19298D0051F9AB /* run.bat */ = {isa = PBXFileReference; lastKnownFileType = text; path = run.bat; sourceTree = "<group>"; };
		072E94A32E19298D0051F9AB /* run.sh */ = {isa = PBXFileReference; lastKnownFileType = text.script.sh; path = run.sh; sourceTree = "<group>"; };
		072E94B62E19323F0051F9AB /* setup_and_build.bat */ = {isa = PBXFileReference; lastKnownFileType = text; name = setup_and_build.bat; path = ../setup_and_build.bat; sourceTree = "<group>"; };
		072E94B72E19323F0051F9AB /* setup_and_build_debian.sh */ = {isa = PBXFileReference; lastKnownFileType = text.script.sh; name = setup_and_build_debian.sh; path = ../setup_and_build_debian.sh; sourceTree = "<group>"; };
		072E94B82E19323F0051F9AB /* setup_and_build_macos.sh */ = {isa = PBXFileReference; lastKnownFileType = text.script.sh; name = setup_and_build_macos.sh; path = ../setup_and_build_macos.sh; sourceTree = "<group>"; };
		072E94CB2E19373A0051F9AB /* asciiroid_belt.cpp */ = {isa = PBXFileReference; lastKnownFileType = sourcecode.cpp.cpp; path = asciiroid_belt.cpp; sourceTree = "<group>"; };
		072E94CC2E19373A0051F9AB /* Enums.h */ = {isa = PBXFileReference; lastKnownFileType = sourcecode.c.h; path = Enums.h; sourceTree = "<group>"; };
		072E94CD2E19373A0051F9AB /* InstructionsScreen.h */ = {isa = PBXFileReference; lastKnownFileType = sourcecode.c.h; path = InstructionsScreen.h; sourceTree = "<group>"; };
		072E94CE2E19373A0051F9AB /* Keyboard.h */ = {isa = PBXFileReference; lastKnownFileType = sourcecode.c.h; path = Keyboard.h; sourceTree = "<group>"; };
		072E94CF2E19373A0051F9AB /* TitleScreen.h */ = {isa = PBXFileReference; lastKnownFileType = sourcecode.c.h; path = TitleScreen.h; sourceTree = "<group>"; };
		072E94E32E1B6F750051F9AB /* music.ct */ = {isa = PBXFileReference; lastKnownFileType = text; path = music.ct; sourceTree = "<group>"; };
		072E94E42E1B6F750051F9AB /* title.txt */ = {isa = PBXFileReference; lastKnownFileType = text; path = title.txt; sourceTree = "<group>"; };
		0733A59F2EBEABB30045BCFD /* RELEASE_NOTES.md */ = {isa = PBXFileReference; lastKnownFileType = net.daringfireball.markdown; path = RELEASE_NOTES.md; sourceTree = "<group>"; };
		07980B832E8042B5007A0EB4 /* release-macos.yml */ = {isa = PBXFileReference; lastKnownFileType = text.yaml; name = "release-macos.yml"; path = ".github/workflows/release-macos.yml"; sourceTree = SOURCE_ROOT; };
		07980B842E8042B5007A0EB4 /* release-linux.yml */ = {isa = PBXFileReference; lastKnownFileType = text.yaml; name = "release-linux.yml"; path = ".github/workflows/release-linux.yml"; sourceTree = SOURCE_ROOT; };
		07980B872E80457C007A0EB4 /* release-windows.yml */ = {isa = PBXFileReference; lastKnownFileType = text.yaml; name = "release-windows.yml"; path = ".github/workflows/release-windows.yml"; sourceTree = SOURCE_ROOT; };
		07980B892E81AEEA007A0EB4 /* tag_release.sh */ = {isa = PBXFileReference; lastKnownFileType = text.script.sh; path = tag_release.sh; sourceTree = SOURCE_ROOT; };
		0799EFE62E7865FF00BAE112 /* CoreAudio.framework */ = {isa = PBXFileReference; lastKnownFileType = wrapper.framework; name = CoreAudio.framework; path = System/Library/Frameworks/CoreAudio.framework; sourceTree = SDKROOT; };
		0799EFE82E7867D800BAE112 /* AudioToolbox.framework */ = {isa = PBXFileReference; lastKnownFileType = wrapper.framework; name = AudioToolbox.framework; path = System/Library/Frameworks/AudioToolbox.framework; sourceTree = SDKROOT; };
		0799EFEC2E78713400BAE112 /* CoreFoundation.framework */ = {isa = PBXFileReference; lastKnownFileType = wrapper.framework; name = CoreFoundation.framework; path = System/Library/Frameworks/CoreFoundation.framework; sourceTree = SDKROOT; };
		07C80E1E2FCD092900106C83 /* CMakeLists.txt */ = {isa = PBXFileReference; lastKnownFileType = text; path = CMakeLists.txt; sourceTree = SOURCE_ROOT; };
		07C80E1F2FCD092900106C83 /* CMakePresets.json */ = {isa = PBXFileReference; lastKnownFileType = text.json; path = CMakePresets.json; sourceTree = SOURCE_ROOT; };
/* End PBXFileReference section */

/* Begin PBXFrameworksBuildPhase section */
		072E943C2E18CCD00051F9AB /* Frameworks */ = {
			isa = PBXFrameworksBuildPhase;
			buildActionMask = 2147483647;
			files = (
				0799EFED2E78713400BAE112 /* CoreFoundation.framework in Frameworks */,
				0799EFEB2E78712900BAE112 /* CoreAudio.framework in Frameworks */,
				0799EFEA2E78712100BAE112 /* AudioToolbox.framework in Frameworks */,
			);
			runOnlyForDeploymentPostprocessing = 0;
		};
/* End PBXFrameworksBuildPhase section */

/* Begin PBXGroup section */
		0709B9C22C97111B00A43834 /* workflows */ = {
			isa = PBXGroup;
			children = (
				072E94932E191D790051F9AB /* build-macos.yml */,
				072E94942E191D790051F9AB /* build-ubuntu.yml */,
				072E94952E191D790051F9AB /* build-windows.yml */,
				07980B832E8042B5007A0EB4 /* release-macos.yml */,
				07980B842E8042B5007A0EB4 /* release-linux.yml */,
				07980B872E80457C007A0EB4 /* release-windows.yml */,
			);
			name = workflows;
			sourceTree = "<group>";
		};
		072E94362E18CCD00051F9AB = {
			isa = PBXGroup;
			children = (
				072E946A2E1911010051F9AB /* LICENSE */,
				072E94542E18DC4A0051F9AB /* README.md */,
				0733A59F2EBEABB30045BCFD /* RELEASE_NOTES.md */,
				07844E4028FDEBAA00B30C0D /* Asciiroid_Belt */,
				072E94512E18DAC20051F9AB /* Frameworks */,
				072E94402E18CCD00051F9AB /* Products */,
			);
			sourceTree = "<group>";
		};
		072E94402E18CCD00051F9AB /* Products */ = {
			isa = PBXGroup;
			children = (
				072E943F2E18CCD00051F9AB /* Asciiroid_Belt */,
			);
			name = Products;
			sourceTree = "<group>";
		};
		072E94512E18DAC20051F9AB /* Frameworks */ = {
			isa = PBXGroup;
			children = (
				0799EFEC2E78713400BAE112 /* CoreFoundation.framework */,
				0799EFE82E7867D800BAE112 /* AudioToolbox.framework */,
				0799EFE62E7865FF00BAE112 /* CoreAudio.framework */,
				072E94522E18DAC30051F9AB /* OpenAL.framework */,
			);
			name = Frameworks;
			sourceTree = "<group>";
		};
		076D86722D05CA96003BF28D /* scripts */ = {
			isa = PBXGroup;
			children = (
				07C80E1E2FCD092900106C83 /* CMakeLists.txt */,
				07C80E1F2FCD092900106C83 /* CMakePresets.json */,
				07980B892E81AEEA007A0EB4 /* tag_release.sh */,
				072E94B62E19323F0051F9AB /* setup_and_build.bat */,
				072E94B72E19323F0051F9AB /* setup_and_build_debian.sh */,
				072E94B82E19323F0051F9AB /* setup_and_build_macos.sh */,
				072E947F2E1914B70051F9AB /* fetch-dependencies.py */,
				072E948C2E1917B10051F9AB /* dependencies */,
				072E94A02E19298D0051F9AB /* build.bat */,
				072E94A12E19298D0051F9AB /* build.sh */,
				072E94A22E19298D0051F9AB /* run.bat */,
				072E94A32E19298D0051F9AB /* run.sh */,
			);
			name = scripts;
			sourceTree = "<group>";
		};
		07844E4028FDEBAA00B30C0D /* Asciiroid_Belt */ = {
			isa = PBXGroup;
			children = (
				076D86722D05CA96003BF28D /* scripts */,
				0709B9C22C97111B00A43834 /* workflows */,
				072E94CB2E19373A0051F9AB /* asciiroid_belt.cpp */,
				072E94CC2E19373A0051F9AB /* Enums.h */,
				072E94CD2E19373A0051F9AB /* InstructionsScreen.h */,
				072E94CE2E19373A0051F9AB /* Keyboard.h */,
				072E94CF2E19373A0051F9AB /* TitleScreen.h */,
				072E94E32E1B6F750051F9AB /* music.ct */,
				072E94E42E1B6F750051F9AB /* title.txt */,
			);
			path = Asciiroid_Belt;
			sourceTree = "<group>";
		};
/* End PBXGroup section */

/* Begin PBXShellScriptBuildPhase section */
		07C80E202FCD092900106C83 /* Copy Runtime Assets */ = {
			isa = PBXShellScriptBuildPhase;
			alwaysOutOfDate = 1;
			buildActionMask = 2147483647;
			files = (
			);
			inputFileListPaths = (
			);
			inputPaths = (
				"$(SRCROOT)/Asciiroid_Belt/music.ct",
				"$(SRCROOT)/Asciiroid_Belt/asciiroid_belt.tx",
				"$(SRCROOT)/Asciiroid_Belt/title.txt",
			);
			name = "Copy Runtime Assets";
			outputFileListPaths = (
			);
			outputPaths = (
				"$(TARGET_BUILD_DIR)/music.ct",
				"$(TARGET_BUILD_DIR)/asciiroid_belt.tx",
				"$(TARGET_BUILD_DIR)/title.txt",
			);
			runOnlyForDeploymentPostprocessing = 0;
			shellPath = /bin/sh;
			shellScript = "set -e\nmkdir -p \"$TARGET_BUILD_DIR/fonts\"\ncp \"$SRCROOT/Asciiroid_Belt/music.ct\" \"$TARGET_BUILD_DIR/\"\ncp \"$SRCROOT/Asciiroid_Belt/asciiroid_belt.tx\" \"$TARGET_BUILD_DIR/\"\ncp \"$SRCROOT/Asciiroid_Belt/title.txt\" \"$TARGET_BUILD_DIR/\"\ncp \"$SRCROOT/../lib/Termin8or/include/Termin8or/title/fonts/\"* \"$TARGET_BUILD_DIR/fonts/\"\n";
		};
/* End PBXShellScriptBuildPhase section */

/* Begin PBXNativeTarget section */
		072E943E2E18CCD00051F9AB /* Asciiroid_Belt */ = {
			isa = PBXNativeTarget;
			buildConfigurationList = 072E94462E18CCD00051F9AB /* Build configuration list for PBXNativeTarget "Asciiroid_Belt" */;
			buildPhases = (
				072E943B2E18CCD00051F9AB /* Sources */,
				072E943C2E18CCD00051F9AB /* Frameworks */,
				07C80E202FCD092900106C83 /* Copy Runtime Assets */,
				072E943D2E18CCD00051F9AB /* CopyFiles */,
			);
			buildRules = (
			);
			dependencies = (
			);
			name = Asciiroid_Belt;
			packageProductDependencies = (
			);
			productName = Asciiroid_Belt;
			productReference = 072E943F2E18CCD00051F9AB /* Asciiroid_Belt */;
			productType = "com.apple.product-type.tool";
		};
/* End PBXNativeTarget section */

/* Begin PBXProject section */
		072E94372E18CCD00051F9AB /* Project object */ = {
			isa = PBXProject;
			attributes = {
				BuildIndependentTargetsInParallel = 1;
				LastUpgradeCheck = 1640;
				TargetAttributes = {
					072E943E2E18CCD00051F9AB = {
						CreatedOnToolsVersion = 16.4;
					};
				};
			};
			buildConfigurationList = 072E943A2E18CCD00051F9AB /* Build configuration list for PBXProject "Asciiroid_Belt" */;
			developmentRegion = en;
			hasScannedForEncodings = 0;
			knownRegions = (
				en,
				Base,
			);
			mainGroup = 072E94362E18CCD00051F9AB;
			minimizedProjectReferenceProxies = 1;
			preferredProjectObjectVersion = 77;
			productRefGroup = 072E94402E18CCD00051F9AB /* Products */;
			projectDirPath = "";
			projectRoot = "";
			targets = (
				072E943E2E18CCD00051F9AB /* Asciiroid_Belt */,
			);
		};
/* End PBXProject section */

/* Begin PBXSourcesBuildPhase section */
		072E943B2E18CCD00051F9AB /* Sources */ = {
			isa = PBXSourcesBuildPhase;
			buildActionMask = 2147483647;
			files = (
				072E94D02E19373B0051F9AB /* asciiroid_belt.cpp in Sources */,
			);
			runOnlyForDeploymentPostprocessing = 0;
		};
/* End PBXSourcesBuildPhase section */

/* Begin XCBuildConfiguration section */
		072E94442E18CCD00051F9AB /* Debug */ = {
			isa = XCBuildConfiguration;
			buildSettings = {
				ALWAYS_SEARCH_USER_PATHS = NO;
				ASSETCATALOG_COMPILER_GENERATE_SWIFT_ASSET_SYMBOL_EXTENSIONS = YES;
				CLANG_ANALYZER_NONNULL = YES;
				CLANG_ANALYZER_NUMBER_OBJECT_CONVERSION = YES_AGGRESSIVE;
				CLANG_CXX_LANGUAGE_STANDARD = "gnu++20";
				CLANG_ENABLE_MODULES = YES;
				CLANG_ENABLE_OBJC_ARC = YES;
				CLANG_ENABLE_OBJC_WEAK = YES;
				CLANG_WARN_BLOCK_CAPTURE_AUTORELEASING = YES;
				CLANG_WARN_BOOL_CONVERSION = YES;
				CLANG_WARN_COMMA = YES;
				CLANG_WARN_CONSTANT_CONVERSION = YES;
				CLANG_WARN_DEPRECATED_OBJC_IMPLEMENTATIONS = YES;
				CLANG_WARN_DIRECT_OBJC_ISA_USAGE = YES_ERROR;
				CLANG_WARN_DOCUMENTATION_COMMENTS = YES;
				CLANG_WARN_EMPTY_BODY = YES;
				CLANG_WARN_ENUM_CONVERSION = YES;
				CLANG_WARN_INFINITE_RECURSION = YES;
				CLANG_WARN_INT_CONVERSION = YES;
				CLANG_WARN_NON_LITERAL_NULL_CONVERSION = YES;
				CLANG_WARN_OBJC_IMPLICIT_RETAIN_SELF = YES;
				CLANG_WARN_OBJC_LITERAL_CONVERSION = YES;
				CLANG_WARN_OBJC_ROOT_CLASS = YES_ERROR;
				CLANG_WARN_QUOTED_INCLUDE_IN_FRAMEWORK_HEADER = YES;
				CLANG_WARN_RANGE_LOOP_ANALYSIS = YES;
				CLANG_WARN_STRICT_PROTOTYPES = YES;
				CLANG_WARN_SUSPICIOUS_MOVE = YES;
				CLANG_WARN_UNGUARDED_AVAILABILITY = YES_AGGRESSIVE;
				CLANG_WARN_UNREACHABLE_CODE = YES;
				CLANG_WARN__DUPLICATE_METHOD_MATCH = YES;
				COPY_PHASE_STRIP = NO;
				DEBUG_INFORMATION_FORMAT = dwarf;
				DEVELOPMENT_TEAM = HFL2Q84SZB;
				ENABLE_STRICT_OBJC_MSGSEND = YES;
				ENABLE_TESTABILITY = YES;
				ENABLE_USER_SCRIPT_SANDBOXING = NO;
				GCC_C_LANGUAGE_STANDARD = gnu17;
				GCC_DYNAMIC_NO_PIC = NO;
				GCC_NO_COMMON_BLOCKS = YES;
				GCC_OPTIMIZATION_LEVEL = 0;
				GCC_PREPROCESSOR_DEFINITIONS = (
					"DEBUG=1",
					"$(inherited)",
				);
				GCC_WARN_64_TO_32_BIT_CONVERSION = YES;
				GCC_WARN_ABOUT_RETURN_TYPE = YES_ERROR;
				GCC_WARN_UNDECLARED_SELECTOR = YES;
				GCC_WARN_UNINITIALIZED_AUTOS = YES_AGGRESSIVE;
				GCC_WARN_UNUSED_FUNCTION = YES;
				GCC_WARN_UNUSED_VARIABLE = YES;
				LOCALIZATION_PREFERS_STRING_CATALOGS = YES;
				MACOSX_DEPLOYMENT_TARGET = 15.5;
				MTL_ENABLE_DEBUG_INFO = INCLUDE_SOURCE;
				MTL_FAST_MATH = YES;
				ONLY_ACTIVE_ARCH = YES;
				SDKROOT = macosx;
			};
			name = Debug;
		};
		072E94452E18CCD00051F9AB /* Release */ = {
			isa = XCBuildConfiguration;
			buildSettings = {
				ALWAYS_SEARCH_USER_PATHS = NO;
				ASSETCATALOG_COMPILER_GENERATE_SWIFT_ASSET_SYMBOL_EXTENSIONS = YES;
				CLANG_ANALYZER_NONNULL = YES;
				CLANG_ANALYZER_NUMBER_OBJECT_CONVERSION = YES_AGGRESSIVE;
				CLANG_CXX_LANGUAGE_STANDARD = "gnu++20";
				CLANG_ENABLE_MODULES = YES;
				CLANG_ENABLE_OBJC_ARC = YES;
				CLANG_ENABLE_OBJC_WEAK = YES;
				CLANG_WARN_BLOCK_CAPTURE_AUTORELEASING = YES;
				CLANG_WARN_BOOL_CONVERSION = YES;
				CLANG_WARN_COMMA = YES;
				CLANG_WARN_CONSTANT_CONVERSION = YES;
				CLANG_WARN_DEPRECATED_OBJC_IMPLEMENTATIONS = YES;
				CLANG_WARN_DIRECT_OBJC_ISA_USAGE = YES_ERROR;
				CLANG_WARN_DOCUMENTATION_COMMENTS = YES;
				CLANG_WARN_EMPTY_BODY = YES;
				CLANG_WARN_ENUM_CONVERSION = YES;
				CLANG_WARN_INFINITE_RECURSION = YES;
				CLANG_WARN_INT_CONVERSION = YES;
				CLANG_WARN_NON_LITERAL_NULL_CONVERSION = YES;
				CLANG_WARN_OBJC_IMPLICIT_RETAIN_SELF = YES;
				CLANG_WARN_OBJC_LITERAL_CONVERSION = YES;
				CLANG_WARN_OBJC_ROOT_CLASS = YES_ERROR;
				CLANG_WARN_QUOTED_INCLUDE_IN_FRAMEWORK_HEADER = YES;
				CLANG_WARN_RANGE_LOOP_ANALYSIS = YES;
				CLANG_WARN_STRICT_PROTOTYPES = YES;
				CLANG_WARN_SUSPICIOUS_MOVE = YES;
				CLANG_WARN_UNGUARDED_AVAILABILITY = YES_AGGRESSIVE;
				CLANG_WARN_UNREACHABLE_CODE = YES;
				CLANG_WARN__DUPLICATE_METHOD_MATCH = YES;
				COPY_PHASE_STRIP = NO;
				DEBUG_INFORMATION_FORMAT = "dwarf-with-dsym";
				DEVELOPMENT_TEAM = HFL2Q84SZB;
				ENABLE_NS_ASSERTIONS = NO;
				ENABLE_STRICT_OBJC_MSGSEND = YES;
				ENABLE_USER_SCRIPT_SANDBOXING = NO;
				GCC_C_LANGUAGE_STANDARD = gnu17;
				GCC_NO_COMMON_BLOCKS = YES;
				GCC_WARN_64_TO_32_BIT_CONVERSION = YES;
				GCC_WARN_ABOUT_RETURN_TYPE = YES_ERROR;
				GCC_WARN_UNDECLARED_SELECTOR = YES;
				GCC_WARN_UNINITIALIZED_AUTOS = YES_AGGRESSIVE;
				GCC_WARN_UNUSED_FUNCTION = YES;
				GCC_WARN_UNUSED_VARIABLE = YES;
				LOCALIZATION_PREFERS_STRING_CATALOGS = YES;
				MACOSX_DEPLOYMENT_TARGET = 15.5;
				MTL_ENABLE_DEBUG_INFO = NO;
				MTL_FAST_MATH = YES;
				SDKROOT = macosx;
			};
			name = Release;
		};
		072E94472E18CCD00051F9AB /* Debug */ = {
			isa = XCBuildConfiguration;
			buildSettings = {
				CODE_SIGN_STYLE = Automatic;
				CODE_SIGNING_ALLOWED = NO;
				DEVELOPMENT_TEAM = HFL2Q84SZB;
				ENABLE_HARDENED_RUNTIME = YES;
				GCC_C_LANGUAGE_STANDARD = c23;
				GCC_PREPROCESSOR_DEFINITIONS = (
					"DEBUG=1",
					USE_APPLAUDIO,
					"$(inherited)",
				);
				HEADER_SEARCH_PATHS = (
					../lib/,
					../lib/Core/include/,
					../lib/Termin8or/include/,
					../lib/8Beat/include/,
					../lib/TrainOfThought/include/,
					../lib/AudioLibSwitcher_applaudio/include/,
					../lib/applaudio/include,
				);
				PRODUCT_NAME = "$(TARGET_NAME)";
			};
			name = Debug;
		};
		072E94482E18CCD00051F9AB /* Release */ = {
			isa = XCBuildConfiguration;
			buildSettings = {
				CODE_SIGN_STYLE = Automatic;
				CODE_SIGNING_ALLOWED = NO;
				DEVELOPMENT_TEAM = HFL2Q84SZB;
				ENABLE_HARDENED_RUNTIME = YES;
				GCC_C_LANGUAGE_STANDARD = c23;
				GCC_PREPROCESSOR_DEFINITIONS = USE_APPLAUDIO;
				HEADER_SEARCH_PATHS = (
					../lib/,
					../lib/Core/include/,
					../lib/Termin8or/include/,
					../lib/8Beat/include/,
					../lib/TrainOfThought/include/,
					../lib/AudioLibSwitcher_applaudio/include/,
					../lib/applaudio/include,
				);
				PRODUCT_NAME = "$(TARGET_NAME)";
			};
			name = Release;
		};
/* End XCBuildConfiguration section */

/* Begin XCConfigurationList section */
		072E943A2E18CCD00051F9AB /* Build configuration list for PBXProject "Asciiroid_Belt" */ = {
			isa = XCConfigurationList;
			buildConfigurations = (
				072E94442E18CCD00051F9AB /* Debug */,
				072E94452E18CCD00051F9AB /* Release */,
			);
			defaultConfigurationIsVisible = 0;
			defaultConfigurationName = Release;
		};
		072E94462E18CCD00051F9AB /* Build configuration list for PBXNativeTarget "Asciiroid_Belt" */ = {
			isa = XCConfigurationList;
			buildConfigurations = (
				072E94472E18CCD00051F9AB /* Debug */,
				072E94482E18CCD00051F9AB /* Release */,
			);
			defaultConfigurationIsVisible = 0;
			defaultConfigurationName = Release;
		};
/* End XCConfigurationList section */
	};
	rootObject = 072E94372E18CCD00051F9AB /* Project object */;
}
